
Microsoft Visual Studio Solution File, Format Version 12.00
# Visual Studio 2013
VisualStudioVersion = 12.0.31101.0
MinimumVisualStudioVersion = 10.0.40219.1
Project("{9092AA53-FB77-4645-B42D-1CCCA6BD08BD}") = "react-if-transform", "react-if-transform.njsproj", "{481DF126-CAA7-4B59-AFE5-9BAD228D0814}"
EndProject
Global
	GlobalSection(SolutionConfigurationPlatforms) = preSolution
		Debug|Any CPU = Debug|Any CPU
		Release|Any CPU = Release|Any CPU
		Test|Any CPU = Test|Any CPU
	EndGlobalSection
	GlobalSection(ProjectConfigurationPlatforms) = postSolution
		{481DF126-CAA7-4B59-AFE5-9BAD228D0814}.Debug|Any CPU.ActiveCfg = Debug|Any CPU
		{481DF126-CAA7-4B59-AFE5-9BAD228D0814}.Debug|Any CPU.Build.0 = Debug|Any CPU
		{481DF126-CAA7-4B59-AFE5-9BAD228D0814}.Release|Any CPU.ActiveCfg = Release|Any CPU
		{481DF126-CAA7-4B59-AFE5-9BAD228D0814}.Release|Any CPU.Build.0 = Release|Any CPU
		{481DF126-CAA7-4B59-AFE5-9BAD228D0814}.Test|Any CPU.ActiveCfg = Test|Any CPU
		{481DF126-CAA7-4B59-AFE5-9BAD228D0814}.Test|Any CPU.Build.0 = Test|Any CPU
	EndGlobalSection
	GlobalSection(SolutionProperties) = preSolution
		HideSolutionNode = FALSE
	EndGlobalSection
EndGlobal
